
Microsoft Visual Studio Solution File, Format Version 12.00
# Visual Studio Version 17
VisualStudioVersion = 17.9.34728.123
MinimumVisualStudioVersion = 10.0.40219.1
Project("{FAE04EC0-301F-11D3-BF4B-00C04F79EFBC}") = "question", "question.csproj", "{91C74AD0-9450-40EF-9D04-AE1F32F4083D}"
EndProject
Global
	GlobalSection(SolutionConfigurationPlatforms) = preSolution
		Debug|Any CPU = Debug|Any CPU
		Release|Any CPU = Release|Any CPU
	EndGlobalSection
	GlobalSection(ProjectConfigurationPlatforms) = postSolution
		{91C74AD0-9450-40EF-9D04-AE1F32F4083D}.Debug|Any CPU.ActiveCfg = Debug|Any CPU
		{91C74AD0-9450-40EF-9D04-AE1F32F4083D}.Debug|Any CPU.Build.0 = Debug|Any CPU
		{91C74AD0-9450-40EF-9D04-AE1F32F4083D}.Release|Any CPU.ActiveCfg = Release|Any CPU
		{91C74AD0-9450-40EF-9D04-AE1F32F4083D}.Release|Any CPU.Build.0 = Release|Any CPU
	EndGlobalSection
	GlobalSection(SolutionProperties) = preSolution
		HideSolutionNode = FALSE
	EndGlobalSection
	GlobalSection(ExtensibilityGlobals) = postSolution
		SolutionGuid = {452CAA71-EA34-4A3F-90FB-47AC14E7DABF}
	EndGlobalSection
EndGlobal
